
Microsoft Visual Studio Solution File, Format Version 12.00
# Visual Studio 15
VisualStudioVersion = 15.0.27130.2010
MinimumVisualStudioVersion = 10.0.40219.1
Project("{8BC9CEB8-8B4A-11D0-8D11-00A0C91BC942}") = "dwie_listy_usunac_el_niewystepujace", "dwie_listy_usunac_el_niewystepujace\dwie_listy_usunac_el_niewystepujace.vcxproj", "{8E27D406-C283-4793-95C4-732519F7AC3A}"
EndProject
Global
	GlobalSection(SolutionConfigurationPlatforms) = preSolution
		Debug|x64 = Debug|x64
		Debug|x86 = Debug|x86
		Release|x64 = Release|x64
		Release|x86 = Release|x86
	EndGlobalSection
	GlobalSection(ProjectConfigurationPlatforms) = postSolution
		{8E27D406-C283-4793-95C4-732519F7AC3A}.Debug|x64.ActiveCfg = Debug|x64
		{8E27D406-C283-4793-95C4-732519F7AC3A}.Debug|x64.Build.0 = Debug|x64
		{8E27D406-C283-4793-95C4-732519F7AC3A}.Debug|x86.ActiveCfg = Debug|Win32
		{8E27D406-C283-4793-95C4-732519F7AC3A}.Debug|x86.Build.0 = Debug|Win32
		{8E27D406-C283-4793-95C4-732519F7AC3A}.Release|x64.ActiveCfg = Release|x64
		{8E27D406-C283-4793-95C4-732519F7AC3A}.Release|x64.Build.0 = Release|x64
		{8E27D406-C283-4793-95C4-732519F7AC3A}.Release|x86.ActiveCfg = Release|Win32
		{8E27D406-C283-4793-95C4-732519F7AC3A}.Release|x86.Build.0 = Release|Win32
	EndGlobalSection
	GlobalSection(SolutionProperties) = preSolution
		HideSolutionNode = FALSE
	EndGlobalSection
	GlobalSection(ExtensibilityGlobals) = postSolution
		SolutionGuid = {246B746D-ABED-44A2-B17B-1163CE2B38E8}
	EndGlobalSection
EndGlobal
